
Microsoft Visual Studio Solution File, Format Version 12.00
# Visual Studio 15
VisualStudioVersion = 15.0.27428.2037
MinimumVisualStudioVersion = 10.0.40219.1
Project("{FAE04EC0-301F-11D3-BF4B-00C04F79EFBC}") = "guns", "guns\guns.csproj", "{8C826954-24CC-4F7F-B7B2-A568F5A74FB2}"
EndProject
Global
	GlobalSection(SolutionConfigurationPlatforms) = preSolution
		Debug|Any CPU = Debug|Any CPU
		Release|Any CPU = Release|Any CPU
	EndGlobalSection
	GlobalSection(ProjectConfigurationPlatforms) = postSolution
		{8C826954-24CC-4F7F-B7B2-A568F5A74FB2}.Debug|Any CPU.ActiveCfg = Debug|Any CPU
		{8C826954-24CC-4F7F-B7B2-A568F5A74FB2}.Debug|Any CPU.Build.0 = Debug|Any CPU
		{8C826954-24CC-4F7F-B7B2-A568F5A74FB2}.Release|Any CPU.ActiveCfg = Release|Any CPU
		{8C826954-24CC-4F7F-B7B2-A568F5A74FB2}.Release|Any CPU.Build.0 = Release|Any CPU
	EndGlobalSection
	GlobalSection(SolutionProperties) = preSolution
		HideSolutionNode = FALSE
	EndGlobalSection
	GlobalSection(ExtensibilityGlobals) = postSolution
		SolutionGuid = {247F7688-1414-489C-B6A8-23DAF5B559BA}
	EndGlobalSection
EndGlobal
